{
  "requires": true,
  "lockfileVersion": 1,
  "dependencies": {
    "ngx-pipes": {
      "version": "2.7.3",
      "resolved": "https://registry.npmjs.org/ngx-pipes/-/ngx-pipes-2.7.3.tgz",
      "integrity": "sha512-aOjOSxvIhmRjdwjZOy9tGujrz45nKEsJHDBtCjOoLuvmFxOagKXDNFNCpMJEE7wPPj65TuSMQpsOlk1lcr9vQQ=="
    }
  }
}
